
Microsoft Visual Studio Solution File, Format Version 12.00
# Visual Studio Version 17
VisualStudioVersion = 17.8.34330.188
MinimumVisualStudioVersion = 10.0.40219.1
Project("{FAE04EC0-301F-11D3-BF4B-00C04F79EFBC}") = "PersonalFinanceApplication-AnalyzingService", "PersonalFinanceApplication-AnalyzingService\PersonalFinanceApplication-AnalyzingService.csproj", "{F8655C11-FF83-49B4-BEAA-818AB0C12771}"
EndProject
Project("{FAE04EC0-301F-11D3-BF4B-00C04F79EFBC}") = "PFA-MBService", "PFA-MBService\PFA-MBService.csproj", "{61825F02-8E41-4B0A-92F5-0CB51E1F95F7}"
EndProject
Project("{FAE04EC0-301F-11D3-BF4B-00C04F79EFBC}") = "PFA-Services", "PFA-Services\PFA-Services.csproj", "{C0F9BA5F-087F-44B7-B170-C35FF6875ED4}"
EndProject
Global
	GlobalSection(SolutionConfigurationPlatforms) = preSolution
		Debug|Any CPU = Debug|Any CPU
		Release|Any CPU = Release|Any CPU
	EndGlobalSection
	GlobalSection(ProjectConfigurationPlatforms) = postSolution
		{F8655C11-FF83-49B4-BEAA-818AB0C12771}.Debug|Any CPU.ActiveCfg = Debug|Any CPU
		{F8655C11-FF83-49B4-BEAA-818AB0C12771}.Debug|Any CPU.Build.0 = Debug|Any CPU
		{F8655C11-FF83-49B4-BEAA-818AB0C12771}.Release|Any CPU.ActiveCfg = Release|Any CPU
		{F8655C11-FF83-49B4-BEAA-818AB0C12771}.Release|Any CPU.Build.0 = Release|Any CPU
		{61825F02-8E41-4B0A-92F5-0CB51E1F95F7}.Debug|Any CPU.ActiveCfg = Debug|Any CPU
		{61825F02-8E41-4B0A-92F5-0CB51E1F95F7}.Debug|Any CPU.Build.0 = Debug|Any CPU
		{61825F02-8E41-4B0A-92F5-0CB51E1F95F7}.Release|Any CPU.ActiveCfg = Release|Any CPU
		{61825F02-8E41-4B0A-92F5-0CB51E1F95F7}.Release|Any CPU.Build.0 = Release|Any CPU
		{C0F9BA5F-087F-44B7-B170-C35FF6875ED4}.Debug|Any CPU.ActiveCfg = Debug|Any CPU
		{C0F9BA5F-087F-44B7-B170-C35FF6875ED4}.Debug|Any CPU.Build.0 = Debug|Any CPU
		{C0F9BA5F-087F-44B7-B170-C35FF6875ED4}.Release|Any CPU.ActiveCfg = Release|Any CPU
		{C0F9BA5F-087F-44B7-B170-C35FF6875ED4}.Release|Any CPU.Build.0 = Release|Any CPU
	EndGlobalSection
	GlobalSection(SolutionProperties) = preSolution
		HideSolutionNode = FALSE
	EndGlobalSection
	GlobalSection(ExtensibilityGlobals) = postSolution
		SolutionGuid = {D0C979F1-8B1C-480F-9A39-9DFC4E3AFA4A}
	EndGlobalSection
EndGlobal
